
Microsoft Visual Studio Solution File, Format Version 12.00
# Visual Studio Version 16
VisualStudioVersion = 16.0.32106.194
MinimumVisualStudioVersion = 10.0.40219.1
Project("{FAE04EC0-301F-11D3-BF4B-00C04F79EFBC}") = "SampleMvcProject", "SampleMvcProject\SampleMvcProject.csproj", "{5471C9D5-56F5-455C-9AA2-7705A753C0CE}"
EndProject
Global
	GlobalSection(SolutionConfigurationPlatforms) = preSolution
		Debug|Any CPU = Debug|Any CPU
		Release|Any CPU = Release|Any CPU
	EndGlobalSection
	GlobalSection(ProjectConfigurationPlatforms) = postSolution
		{5471C9D5-56F5-455C-9AA2-7705A753C0CE}.Debug|Any CPU.ActiveCfg = Debug|Any CPU
		{5471C9D5-56F5-455C-9AA2-7705A753C0CE}.Debug|Any CPU.Build.0 = Debug|Any CPU
		{5471C9D5-56F5-455C-9AA2-7705A753C0CE}.Release|Any CPU.ActiveCfg = Release|Any CPU
		{5471C9D5-56F5-455C-9AA2-7705A753C0CE}.Release|Any CPU.Build.0 = Release|Any CPU
	EndGlobalSection
	GlobalSection(SolutionProperties) = preSolution
		HideSolutionNode = FALSE
	EndGlobalSection
	GlobalSection(ExtensibilityGlobals) = postSolution
		SolutionGuid = {16196E2E-D0EA-4CDB-A2C2-B30A6F008E0F}
	EndGlobalSection
EndGlobal
